
Microsoft Visual Studio Solution File, Format Version 12.00
Project("{2150E333-8FDC-42A3-9474-1A3956D46DE8}") = "docs", "docs", "{ACFCEFF7-8C3B-4D05-8080-DD19A6E07873}"
	ProjectSection(SolutionItems) = preProject
		README.md = README.md
	EndProjectSection
EndProject
Project("{2150E333-8FDC-42A3-9474-1A3956D46DE8}") = "actions", "actions", "{82BA388F-4AE2-43A2-965A-AC2092BF26F3}"
	ProjectSection(SolutionItems) = preProject
		.github\workflows\dotnet.yml = .github\workflows\dotnet.yml
		.github\workflows\test-reporter.yml = .github\workflows\test-reporter.yml
		.github\workflows\Plagiarism_detector.yml = .github\workflows\Plagiarism_detector.yml
		.github\coverlet.runsettings = .github\coverlet.runsettings
	EndProjectSection
EndProject
Project("{2150E333-8FDC-42A3-9474-1A3956D46DE8}") = "Homework1", "Homework1", "{3CC9A0BC-CB84-4D11-8EDD-EBE7F5D1BDE2}"
EndProject
Project("{FAE04EC0-301F-11D3-BF4B-00C04F79EFBC}") = "Hw1", "Homework1\Hw1\Hw1.csproj", "{76EC5803-6BBD-49C2-BD24-DB6C806459ED}"
EndProject
Project("{FAE04EC0-301F-11D3-BF4B-00C04F79EFBC}") = "Hw1.tests", "Homework1\Hw1.tests\Hw1.tests.csproj", "{C0B4B348-AB06-4D70-9910-28C4DCE0FA63}"
EndProject
Project("{2150E333-8FDC-42A3-9474-1A3956D46DE8}") = "Homework2", "Homework2", "{7657BBF2-D1AC-4834-934D-B30F0A461A75}"
EndProject
Project("{FAE04EC0-301F-11D3-BF4B-00C04F79EFBC}") = "Hw2", "Hw2\Hw2.ilproj", "{E1893C03-87C5-4582-927B-B099B705A8BD}"
EndProject
Project("{FAE04EC0-301F-11D3-BF4B-00C04F79EFBC}") = "Hw2.Tests", "Hw2.Tests\Hw2.Tests.csproj", "{80C6BD8E-F179-43A5-A849-FD334376A111}"
EndProject
Project("{2150E333-8FDC-42A3-9474-1A3956D46DE8}") = "Homework3", "Homework3", "{6FE079CA-1A0B-4712-B2B7-95F5162F7B77}"
EndProject
Project("{FAE04EC0-301F-11D3-BF4B-00C04F79EFBC}") = "Hw3.Mutex", "Hw3.Mutex\Hw3.Mutex.csproj", "{1A4B77E7-0CF2-49AD-B32B-9CC0392BC702}"
EndProject
Project("{FAE04EC0-301F-11D3-BF4B-00C04F79EFBC}") = "Hw3.Tests", "Hw3.Tests\Hw3.Tests.csproj", "{C309854C-41CF-41F1-9FF3-2854AACC1269}"
EndProject
Project("{2150E333-8FDC-42A3-9474-1A3956D46DE8}") = "Homework4", "Homework4", "{A16274B5-8C22-4C86-824E-A76DC18A5C5D}"
EndProject
Project("{F2A71F9B-5D33-465A-A702-920D77279786}") = "Hw4", "Hw4\Hw4.fsproj", "{C4AEE23F-F825-4E08-98E2-25FA6AF984D6}"
EndProject
Project("{F2A71F9B-5D33-465A-A702-920D77279786}") = "Hw4.Tests", "Hw4.Tests\Hw4.Tests.fsproj", "{3B52F7AE-43B0-4C83-B334-14CAFB174309}"
EndProject
Project("{2150E333-8FDC-42A3-9474-1A3956D46DE8}") = "Homework5", "Homework5", "{2FA93C72-D531-464B-820D-FD0D5EA48B52}"
EndProject
Project("{F2A71F9B-5D33-465A-A702-920D77279786}") = "Hw5", "Hw5\Hw5.fsproj", "{BD315611-D92A-4ADF-9298-B1F2F2F75716}"
EndProject
Project("{F2A71F9B-5D33-465A-A702-920D77279786}") = "Hw5.Tests", "Hw5.Tests\Hw5.Tests.fsproj", "{656756AF-E23B-4528-88D4-F2D568D6D29E}"
EndProject
Project("{2150E333-8FDC-42A3-9474-1A3956D46DE8}") = "Homework6", "Homework6", "{0941173D-DF23-4184-A827-63A70DD67EF6}"
EndProject
Project("{F2A71F9B-5D33-465A-A702-920D77279786}") = "Hw6", "Hw6\Hw6.fsproj", "{E5D80F12-374E-4B9D-8F5D-AF0BA9C1FE64}"
EndProject
Project("{F2A71F9B-5D33-465A-A702-920D77279786}") = "Hw6.ConsoleClient", "Hw6.ConsoleClient\Hw6.ConsoleClient.fsproj", "{FD968505-EC64-4B15-9FF1-6E0D3484E877}"
EndProject
Project("{FAE04EC0-301F-11D3-BF4B-00C04F79EFBC}") = "Hw6.Test", "Hw6.Test\Hw6.Test.csproj", "{DBBF30E5-F84A-4128-8664-58083CC74D46}"
EndProject
Project("{2150E333-8FDC-42A3-9474-1A3956D46DE8}") = "Homework7", "Homework7", "{342B770A-5663-437C-9D34-B9A843AA9694}"
EndProject
Project("{FAE04EC0-301F-11D3-BF4B-00C04F79EFBC}") = "Hw7", "Hw7\Hw7.csproj", "{91DAF470-68A4-4A99-86DC-9CAB474D15A5}"
EndProject
Project("{FAE04EC0-301F-11D3-BF4B-00C04F79EFBC}") = "Hw7.Tests", "Hw7.Tests\Hw7.Tests.csproj", "{55516EEF-25E2-4E06-9648-9A538A35D0E0}"
EndProject
Project("{2150E333-8FDC-42A3-9474-1A3956D46DE8}") = "Homework8", "Homework8", "{288D2EEB-C0F0-430A-831B-30D028DBB54C}"
EndProject
Project("{FAE04EC0-301F-11D3-BF4B-00C04F79EFBC}") = "Hw8.Tests", "Hw8.Tests\Hw8.Tests.csproj", "{F7B20AE2-D6DE-4823-BB77-A4EBE014EAA3}"
EndProject
Project("{FAE04EC0-301F-11D3-BF4B-00C04F79EFBC}") = "Hw8", "Hw8\Hw8.csproj", "{BC1B8EEC-359A-4AB8-AD5C-3B56EC1E9735}"
EndProject
Project("{2150E333-8FDC-42A3-9474-1A3956D46DE8}") = "Homework9", "Homework9", "{B304BACD-0AD7-435A-B79A-D02FD35B8A73}"
EndProject
Project("{FAE04EC0-301F-11D3-BF4B-00C04F79EFBC}") = "Hw9", "Hw9\Hw9.csproj", "{108962DE-37ED-4574-B757-ACE4A8E8A702}"
EndProject
Project("{FAE04EC0-301F-11D3-BF4B-00C04F79EFBC}") = "Hw9.Tests", "Hw9.Tests\Hw9.Tests.csproj", "{9ED3DA83-6CD8-45E8-8427-FF71648027F8}"
EndProject
Project("{2150E333-8FDC-42A3-9474-1A3956D46DE8}") = "Homework10", "Homework10", "{548B9FD2-09A0-41E9-AA10-E1B56146A802}"
EndProject
Project("{FAE04EC0-301F-11D3-BF4B-00C04F79EFBC}") = "Hw10.Tests", "Hw10.Tests\Hw10.Tests.csproj", "{A4F82493-D910-4340-BB70-792DF86EB55C}"
EndProject
Project("{FAE04EC0-301F-11D3-BF4B-00C04F79EFBC}") = "Hw10", "Hw10\Hw10.csproj", "{546D02E5-994C-4B88-A3FF-84F57D32269C}"
EndProject
Project("{2150E333-8FDC-42A3-9474-1A3956D46DE8}") = "Homework11", "Homework11", "{34B8C0B6-4484-4A35-AFED-6CAB61857191}"
EndProject
Project("{FAE04EC0-301F-11D3-BF4B-00C04F79EFBC}") = "Hw11", "Hw11\Hw11.csproj", "{F503703C-F07C-451B-84A3-E490C5EFA022}"
EndProject
Project("{FAE04EC0-301F-11D3-BF4B-00C04F79EFBC}") = "Hw11.Tests", "Hw11.Tests\Hw11.Tests.csproj", "{C0A08A5A-0DA1-4FB8-96DC-C43C8CD22AD5}"
EndProject
Project("{2150E333-8FDC-42A3-9474-1A3956D46DE8}") = "Homework12", "Homework12", "{B7C58FEF-7F07-47E4-8E63-D18991784B40}"
EndProject
Project("{FAE04EC0-301F-11D3-BF4B-00C04F79EFBC}") = "Hw12", "Hw12\Hw12.csproj", "{C392CE34-0059-4DED-AD86-1594BAB6885F}"
EndProject
Global
	GlobalSection(SolutionConfigurationPlatforms) = preSolution
		Debug|Any CPU = Debug|Any CPU
		Release|Any CPU = Release|Any CPU
	EndGlobalSection
	GlobalSection(ProjectConfigurationPlatforms) = postSolution
		{76EC5803-6BBD-49C2-BD24-DB6C806459ED}.Debug|Any CPU.ActiveCfg = Debug|Any CPU
		{76EC5803-6BBD-49C2-BD24-DB6C806459ED}.Debug|Any CPU.Build.0 = Debug|Any CPU
		{76EC5803-6BBD-49C2-BD24-DB6C806459ED}.Release|Any CPU.ActiveCfg = Release|Any CPU
		{76EC5803-6BBD-49C2-BD24-DB6C806459ED}.Release|Any CPU.Build.0 = Release|Any CPU
		{C0B4B348-AB06-4D70-9910-28C4DCE0FA63}.Debug|Any CPU.ActiveCfg = Debug|Any CPU
		{C0B4B348-AB06-4D70-9910-28C4DCE0FA63}.Debug|Any CPU.Build.0 = Debug|Any CPU
		{C0B4B348-AB06-4D70-9910-28C4DCE0FA63}.Release|Any CPU.ActiveCfg = Release|Any CPU
		{C0B4B348-AB06-4D70-9910-28C4DCE0FA63}.Release|Any CPU.Build.0 = Release|Any CPU
		{E1893C03-87C5-4582-927B-B099B705A8BD}.Debug|Any CPU.ActiveCfg = Debug|Any CPU
		{E1893C03-87C5-4582-927B-B099B705A8BD}.Debug|Any CPU.Build.0 = Debug|Any CPU
		{E1893C03-87C5-4582-927B-B099B705A8BD}.Release|Any CPU.ActiveCfg = Release|Any CPU
		{E1893C03-87C5-4582-927B-B099B705A8BD}.Release|Any CPU.Build.0 = Release|Any CPU
		{80C6BD8E-F179-43A5-A849-FD334376A111}.Debug|Any CPU.ActiveCfg = Debug|Any CPU
		{80C6BD8E-F179-43A5-A849-FD334376A111}.Debug|Any CPU.Build.0 = Debug|Any CPU
		{80C6BD8E-F179-43A5-A849-FD334376A111}.Release|Any CPU.ActiveCfg = Release|Any CPU
		{80C6BD8E-F179-43A5-A849-FD334376A111}.Release|Any CPU.Build.0 = Release|Any CPU
		{1A4B77E7-0CF2-49AD-B32B-9CC0392BC702}.Debug|Any CPU.ActiveCfg = Debug|Any CPU
		{1A4B77E7-0CF2-49AD-B32B-9CC0392BC702}.Debug|Any CPU.Build.0 = Debug|Any CPU
		{1A4B77E7-0CF2-49AD-B32B-9CC0392BC702}.Release|Any CPU.ActiveCfg = Release|Any CPU
		{1A4B77E7-0CF2-49AD-B32B-9CC0392BC702}.Release|Any CPU.Build.0 = Release|Any CPU
		{C309854C-41CF-41F1-9FF3-2854AACC1269}.Debug|Any CPU.ActiveCfg = Debug|Any CPU
		{C309854C-41CF-41F1-9FF3-2854AACC1269}.Debug|Any CPU.Build.0 = Debug|Any CPU
		{C309854C-41CF-41F1-9FF3-2854AACC1269}.Release|Any CPU.ActiveCfg = Release|Any CPU
		{C309854C-41CF-41F1-9FF3-2854AACC1269}.Release|Any CPU.Build.0 = Release|Any CPU
		{C4AEE23F-F825-4E08-98E2-25FA6AF984D6}.Debug|Any CPU.ActiveCfg = Debug|Any CPU
		{C4AEE23F-F825-4E08-98E2-25FA6AF984D6}.Debug|Any CPU.Build.0 = Debug|Any CPU
		{C4AEE23F-F825-4E08-98E2-25FA6AF984D6}.Release|Any CPU.ActiveCfg = Release|Any CPU
		{C4AEE23F-F825-4E08-98E2-25FA6AF984D6}.Release|Any CPU.Build.0 = Release|Any CPU
		{3B52F7AE-43B0-4C83-B334-14CAFB174309}.Debug|Any CPU.ActiveCfg = Debug|Any CPU
		{3B52F7AE-43B0-4C83-B334-14CAFB174309}.Debug|Any CPU.Build.0 = Debug|Any CPU
		{3B52F7AE-43B0-4C83-B334-14CAFB174309}.Release|Any CPU.ActiveCfg = Release|Any CPU
		{3B52F7AE-43B0-4C83-B334-14CAFB174309}.Release|Any CPU.Build.0 = Release|Any CPU
		{BD315611-D92A-4ADF-9298-B1F2F2F75716}.Debug|Any CPU.ActiveCfg = Debug|Any CPU
		{BD315611-D92A-4ADF-9298-B1F2F2F75716}.Debug|Any CPU.Build.0 = Debug|Any CPU
		{BD315611-D92A-4ADF-9298-B1F2F2F75716}.Release|Any CPU.ActiveCfg = Release|Any CPU
		{BD315611-D92A-4ADF-9298-B1F2F2F75716}.Release|Any CPU.Build.0 = Release|Any CPU
		{656756AF-E23B-4528-88D4-F2D568D6D29E}.Debug|Any CPU.ActiveCfg = Debug|Any CPU
		{656756AF-E23B-4528-88D4-F2D568D6D29E}.Debug|Any CPU.Build.0 = Debug|Any CPU
		{656756AF-E23B-4528-88D4-F2D568D6D29E}.Release|Any CPU.ActiveCfg = Release|Any CPU
		{656756AF-E23B-4528-88D4-F2D568D6D29E}.Release|Any CPU.Build.0 = Release|Any CPU
		{E5D80F12-374E-4B9D-8F5D-AF0BA9C1FE64}.Debug|Any CPU.ActiveCfg = Debug|Any CPU
		{E5D80F12-374E-4B9D-8F5D-AF0BA9C1FE64}.Debug|Any CPU.Build.0 = Debug|Any CPU
		{E5D80F12-374E-4B9D-8F5D-AF0BA9C1FE64}.Release|Any CPU.ActiveCfg = Release|Any CPU
		{E5D80F12-374E-4B9D-8F5D-AF0BA9C1FE64}.Release|Any CPU.Build.0 = Release|Any CPU
		{FD968505-EC64-4B15-9FF1-6E0D3484E877}.Debug|Any CPU.ActiveCfg = Debug|Any CPU
		{FD968505-EC64-4B15-9FF1-6E0D3484E877}.Debug|Any CPU.Build.0 = Debug|Any CPU
		{FD968505-EC64-4B15-9FF1-6E0D3484E877}.Release|Any CPU.ActiveCfg = Release|Any CPU
		{FD968505-EC64-4B15-9FF1-6E0D3484E877}.Release|Any CPU.Build.0 = Release|Any CPU
		{DBBF30E5-F84A-4128-8664-58083CC74D46}.Debug|Any CPU.ActiveCfg = Debug|Any CPU
		{DBBF30E5-F84A-4128-8664-58083CC74D46}.Debug|Any CPU.Build.0 = Debug|Any CPU
		{DBBF30E5-F84A-4128-8664-58083CC74D46}.Release|Any CPU.ActiveCfg = Release|Any CPU
		{DBBF30E5-F84A-4128-8664-58083CC74D46}.Release|Any CPU.Build.0 = Release|Any CPU
		{91DAF470-68A4-4A99-86DC-9CAB474D15A5}.Debug|Any CPU.ActiveCfg = Debug|Any CPU
		{91DAF470-68A4-4A99-86DC-9CAB474D15A5}.Debug|Any CPU.Build.0 = Debug|Any CPU
		{91DAF470-68A4-4A99-86DC-9CAB474D15A5}.Release|Any CPU.ActiveCfg = Release|Any CPU
		{91DAF470-68A4-4A99-86DC-9CAB474D15A5}.Release|Any CPU.Build.0 = Release|Any CPU
		{55516EEF-25E2-4E06-9648-9A538A35D0E0}.Debug|Any CPU.ActiveCfg = Debug|Any CPU
		{55516EEF-25E2-4E06-9648-9A538A35D0E0}.Debug|Any CPU.Build.0 = Debug|Any CPU
		{55516EEF-25E2-4E06-9648-9A538A35D0E0}.Release|Any CPU.ActiveCfg = Release|Any CPU
		{55516EEF-25E2-4E06-9648-9A538A35D0E0}.Release|Any CPU.Build.0 = Release|Any CPU
		{F7B20AE2-D6DE-4823-BB77-A4EBE014EAA3}.Debug|Any CPU.ActiveCfg = Debug|Any CPU
		{F7B20AE2-D6DE-4823-BB77-A4EBE014EAA3}.Debug|Any CPU.Build.0 = Debug|Any CPU
		{F7B20AE2-D6DE-4823-BB77-A4EBE014EAA3}.Release|Any CPU.ActiveCfg = Release|Any CPU
		{F7B20AE2-D6DE-4823-BB77-A4EBE014EAA3}.Release|Any CPU.Build.0 = Release|Any CPU
		{BC1B8EEC-359A-4AB8-AD5C-3B56EC1E9735}.Debug|Any CPU.ActiveCfg = Debug|Any CPU
		{BC1B8EEC-359A-4AB8-AD5C-3B56EC1E9735}.Debug|Any CPU.Build.0 = Debug|Any CPU
		{BC1B8EEC-359A-4AB8-AD5C-3B56EC1E9735}.Release|Any CPU.ActiveCfg = Release|Any CPU
		{BC1B8EEC-359A-4AB8-AD5C-3B56EC1E9735}.Release|Any CPU.Build.0 = Release|Any CPU
		{108962DE-37ED-4574-B757-ACE4A8E8A702}.Debug|Any CPU.ActiveCfg = Debug|Any CPU
		{108962DE-37ED-4574-B757-ACE4A8E8A702}.Debug|Any CPU.Build.0 = Debug|Any CPU
		{108962DE-37ED-4574-B757-ACE4A8E8A702}.Release|Any CPU.ActiveCfg = Release|Any CPU
		{108962DE-37ED-4574-B757-ACE4A8E8A702}.Release|Any CPU.Build.0 = Release|Any CPU
		{9ED3DA83-6CD8-45E8-8427-FF71648027F8}.Debug|Any CPU.ActiveCfg = Debug|Any CPU
		{9ED3DA83-6CD8-45E8-8427-FF71648027F8}.Debug|Any CPU.Build.0 = Debug|Any CPU
		{9ED3DA83-6CD8-45E8-8427-FF71648027F8}.Release|Any CPU.ActiveCfg = Release|Any CPU
		{9ED3DA83-6CD8-45E8-8427-FF71648027F8}.Release|Any CPU.Build.0 = Release|Any CPU
		{A4F82493-D910-4340-BB70-792DF86EB55C}.Debug|Any CPU.ActiveCfg = Debug|Any CPU
		{A4F82493-D910-4340-BB70-792DF86EB55C}.Debug|Any CPU.Build.0 = Debug|Any CPU
		{A4F82493-D910-4340-BB70-792DF86EB55C}.Release|Any CPU.ActiveCfg = Release|Any CPU
		{A4F82493-D910-4340-BB70-792DF86EB55C}.Release|Any CPU.Build.0 = Release|Any CPU
		{546D02E5-994C-4B88-A3FF-84F57D32269C}.Debug|Any CPU.ActiveCfg = Debug|Any CPU
		{546D02E5-994C-4B88-A3FF-84F57D32269C}.Debug|Any CPU.Build.0 = Debug|Any CPU
		{546D02E5-994C-4B88-A3FF-84F57D32269C}.Release|Any CPU.ActiveCfg = Release|Any CPU
		{546D02E5-994C-4B88-A3FF-84F57D32269C}.Release|Any CPU.Build.0 = Release|Any CPU
		{F503703C-F07C-451B-84A3-E490C5EFA022}.Debug|Any CPU.ActiveCfg = Debug|Any CPU
		{F503703C-F07C-451B-84A3-E490C5EFA022}.Debug|Any CPU.Build.0 = Debug|Any CPU
		{F503703C-F07C-451B-84A3-E490C5EFA022}.Release|Any CPU.ActiveCfg = Release|Any CPU
		{F503703C-F07C-451B-84A3-E490C5EFA022}.Release|Any CPU.Build.0 = Release|Any CPU
		{C0A08A5A-0DA1-4FB8-96DC-C43C8CD22AD5}.Debug|Any CPU.ActiveCfg = Debug|Any CPU
		{C0A08A5A-0DA1-4FB8-96DC-C43C8CD22AD5}.Debug|Any CPU.Build.0 = Debug|Any CPU
		{C0A08A5A-0DA1-4FB8-96DC-C43C8CD22AD5}.Release|Any CPU.ActiveCfg = Release|Any CPU
		{C0A08A5A-0DA1-4FB8-96DC-C43C8CD22AD5}.Release|Any CPU.Build.0 = Release|Any CPU
		{C392CE34-0059-4DED-AD86-1594BAB6885F}.Release|Any CPU.ActiveCfg = Release|Any CPU
		{C392CE34-0059-4DED-AD86-1594BAB6885F}.Release|Any CPU.Build.0 = Release|Any CPU
		{C392CE34-0059-4DED-AD86-1594BAB6885F}.Debug|Any CPU.ActiveCfg = Release|Any CPU
		{C392CE34-0059-4DED-AD86-1594BAB6885F}.Debug|Any CPU.Build.0 = Release|Any CPU
	EndGlobalSection
	GlobalSection(NestedProjects) = preSolution
		{76EC5803-6BBD-49C2-BD24-DB6C806459ED} = {3CC9A0BC-CB84-4D11-8EDD-EBE7F5D1BDE2}
		{C0B4B348-AB06-4D70-9910-28C4DCE0FA63} = {3CC9A0BC-CB84-4D11-8EDD-EBE7F5D1BDE2}
		{E1893C03-87C5-4582-927B-B099B705A8BD} = {7657BBF2-D1AC-4834-934D-B30F0A461A75}
		{80C6BD8E-F179-43A5-A849-FD334376A111} = {7657BBF2-D1AC-4834-934D-B30F0A461A75}
		{1A4B77E7-0CF2-49AD-B32B-9CC0392BC702} = {6FE079CA-1A0B-4712-B2B7-95F5162F7B77}
		{C309854C-41CF-41F1-9FF3-2854AACC1269} = {6FE079CA-1A0B-4712-B2B7-95F5162F7B77}
		{C4AEE23F-F825-4E08-98E2-25FA6AF984D6} = {A16274B5-8C22-4C86-824E-A76DC18A5C5D}
		{3B52F7AE-43B0-4C83-B334-14CAFB174309} = {A16274B5-8C22-4C86-824E-A76DC18A5C5D}
		{BD315611-D92A-4ADF-9298-B1F2F2F75716} = {2FA93C72-D531-464B-820D-FD0D5EA48B52}
		{656756AF-E23B-4528-88D4-F2D568D6D29E} = {2FA93C72-D531-464B-820D-FD0D5EA48B52}
		{E5D80F12-374E-4B9D-8F5D-AF0BA9C1FE64} = {0941173D-DF23-4184-A827-63A70DD67EF6}
		{FD968505-EC64-4B15-9FF1-6E0D3484E877} = {0941173D-DF23-4184-A827-63A70DD67EF6}
		{DBBF30E5-F84A-4128-8664-58083CC74D46} = {0941173D-DF23-4184-A827-63A70DD67EF6}
		{91DAF470-68A4-4A99-86DC-9CAB474D15A5} = {342B770A-5663-437C-9D34-B9A843AA9694}
		{55516EEF-25E2-4E06-9648-9A538A35D0E0} = {342B770A-5663-437C-9D34-B9A843AA9694}
		{F7B20AE2-D6DE-4823-BB77-A4EBE014EAA3} = {288D2EEB-C0F0-430A-831B-30D028DBB54C}
		{BC1B8EEC-359A-4AB8-AD5C-3B56EC1E9735} = {288D2EEB-C0F0-430A-831B-30D028DBB54C}
		{108962DE-37ED-4574-B757-ACE4A8E8A702} = {B304BACD-0AD7-435A-B79A-D02FD35B8A73}
		{9ED3DA83-6CD8-45E8-8427-FF71648027F8} = {B304BACD-0AD7-435A-B79A-D02FD35B8A73}
		{A4F82493-D910-4340-BB70-792DF86EB55C} = {548B9FD2-09A0-41E9-AA10-E1B56146A802}
		{546D02E5-994C-4B88-A3FF-84F57D32269C} = {548B9FD2-09A0-41E9-AA10-E1B56146A802}
		{F503703C-F07C-451B-84A3-E490C5EFA022} = {34B8C0B6-4484-4A35-AFED-6CAB61857191}
		{C0A08A5A-0DA1-4FB8-96DC-C43C8CD22AD5} = {34B8C0B6-4484-4A35-AFED-6CAB61857191}
		{C392CE34-0059-4DED-AD86-1594BAB6885F} = {B7C58FEF-7F07-47E4-8E63-D18991784B40}
	EndGlobalSection
EndGlobal
