
Microsoft Visual Studio Solution File, Format Version 12.00
Project("{2150E333-8FDC-42A3-9474-1A3956D46DE8}") = "docs", "docs", "{ACFCEFF7-8C3B-4D05-8080-DD19A6E07873}"
	ProjectSection(SolutionItems) = preProject
		README.md = README.md
	EndProjectSection
EndProject
Project("{2150E333-8FDC-42A3-9474-1A3956D46DE8}") = "actions", "actions", "{82BA388F-4AE2-43A2-965A-AC2092BF26F3}"
	ProjectSection(SolutionItems) = preProject
		.github\workflows\dotnet.yml = .github\workflows\dotnet.yml
		.github\workflows\test-reporter.yml = .github\workflows\test-reporter.yml
		.github\workflows\Plagiarism_detector.yml = .github\workflows\Plagiarism_detector.yml
		.github\coverlet.runsettings = .github\coverlet.runsettings
	EndProjectSection
EndProject
Project("{2150E333-8FDC-42A3-9474-1A3956D46DE8}") = "Homework1", "Homework1", "{3CC9A0BC-CB84-4D11-8EDD-EBE7F5D1BDE2}"
EndProject
Project("{FAE04EC0-301F-11D3-BF4B-00C04F79EFBC}") = "Hw1", "Homework1\Hw1\Hw1.csproj", "{76EC5803-6BBD-49C2-BD24-DB6C806459ED}"
EndProject
Project("{FAE04EC0-301F-11D3-BF4B-00C04F79EFBC}") = "Hw1.tests", "Homework1\Hw1.tests\Hw1.tests.csproj", "{C0B4B348-AB06-4D70-9910-28C4DCE0FA63}"
EndProject
Project("{2150E333-8FDC-42A3-9474-1A3956D46DE8}") = "Homework2", "Homework2", "{7657BBF2-D1AC-4834-934D-B30F0A461A75}"
EndProject
Project("{FAE04EC0-301F-11D3-BF4B-00C04F79EFBC}") = "Hw2", "Hw2\Hw2.ilproj", "{E1893C03-87C5-4582-927B-B099B705A8BD}"
EndProject
Project("{FAE04EC0-301F-11D3-BF4B-00C04F79EFBC}") = "Hw2.Tests", "Hw2.Tests\Hw2.Tests.csproj", "{80C6BD8E-F179-43A5-A849-FD334376A111}"
EndProject
Global
	GlobalSection(SolutionConfigurationPlatforms) = preSolution
		Debug|Any CPU = Debug|Any CPU
		Release|Any CPU = Release|Any CPU
	EndGlobalSection
	GlobalSection(ProjectConfigurationPlatforms) = postSolution
		{76EC5803-6BBD-49C2-BD24-DB6C806459ED}.Debug|Any CPU.ActiveCfg = Debug|Any CPU
		{76EC5803-6BBD-49C2-BD24-DB6C806459ED}.Debug|Any CPU.Build.0 = Debug|Any CPU
		{76EC5803-6BBD-49C2-BD24-DB6C806459ED}.Release|Any CPU.ActiveCfg = Release|Any CPU
		{76EC5803-6BBD-49C2-BD24-DB6C806459ED}.Release|Any CPU.Build.0 = Release|Any CPU
		{C0B4B348-AB06-4D70-9910-28C4DCE0FA63}.Debug|Any CPU.ActiveCfg = Debug|Any CPU
		{C0B4B348-AB06-4D70-9910-28C4DCE0FA63}.Debug|Any CPU.Build.0 = Debug|Any CPU
		{C0B4B348-AB06-4D70-9910-28C4DCE0FA63}.Release|Any CPU.ActiveCfg = Release|Any CPU
		{C0B4B348-AB06-4D70-9910-28C4DCE0FA63}.Release|Any CPU.Build.0 = Release|Any CPU
		{E1893C03-87C5-4582-927B-B099B705A8BD}.Debug|Any CPU.ActiveCfg = Debug|Any CPU
		{E1893C03-87C5-4582-927B-B099B705A8BD}.Debug|Any CPU.Build.0 = Debug|Any CPU
		{E1893C03-87C5-4582-927B-B099B705A8BD}.Release|Any CPU.ActiveCfg = Release|Any CPU
		{E1893C03-87C5-4582-927B-B099B705A8BD}.Release|Any CPU.Build.0 = Release|Any CPU
		{80C6BD8E-F179-43A5-A849-FD334376A111}.Debug|Any CPU.ActiveCfg = Debug|Any CPU
		{80C6BD8E-F179-43A5-A849-FD334376A111}.Debug|Any CPU.Build.0 = Debug|Any CPU
		{80C6BD8E-F179-43A5-A849-FD334376A111}.Release|Any CPU.ActiveCfg = Release|Any CPU
		{80C6BD8E-F179-43A5-A849-FD334376A111}.Release|Any CPU.Build.0 = Release|Any CPU
	EndGlobalSection
	GlobalSection(NestedProjects) = preSolution
		{76EC5803-6BBD-49C2-BD24-DB6C806459ED} = {3CC9A0BC-CB84-4D11-8EDD-EBE7F5D1BDE2}
		{C0B4B348-AB06-4D70-9910-28C4DCE0FA63} = {3CC9A0BC-CB84-4D11-8EDD-EBE7F5D1BDE2}
		{E1893C03-87C5-4582-927B-B099B705A8BD} = {7657BBF2-D1AC-4834-934D-B30F0A461A75}
		{80C6BD8E-F179-43A5-A849-FD334376A111} = {7657BBF2-D1AC-4834-934D-B30F0A461A75}
	EndGlobalSection
EndGlobal
